
Microsoft Visual Studio Solution File, Format Version 12.00
# Visual Studio Version 16
VisualStudioVersion = 16.0.31702.278
MinimumVisualStudioVersion = 10.0.40219.1
Project("{FAE04EC0-301F-11D3-BF4B-00C04F79EFBC}") = "Sample01", "Sample01\Sample01.csproj", "{87B9F395-1EEF-4C5C-A8BA-82CDE8460D4A}"
EndProject
Global
	GlobalSection(SolutionConfigurationPlatforms) = preSolution
		Debug|Any CPU = Debug|Any CPU
		Release|Any CPU = Release|Any CPU
	EndGlobalSection
	GlobalSection(ProjectConfigurationPlatforms) = postSolution
		{87B9F395-1EEF-4C5C-A8BA-82CDE8460D4A}.Debug|Any CPU.ActiveCfg = Debug|Any CPU
		{87B9F395-1EEF-4C5C-A8BA-82CDE8460D4A}.Debug|Any CPU.Build.0 = Debug|Any CPU
		{87B9F395-1EEF-4C5C-A8BA-82CDE8460D4A}.Release|Any CPU.ActiveCfg = Release|Any CPU
		{87B9F395-1EEF-4C5C-A8BA-82CDE8460D4A}.Release|Any CPU.Build.0 = Release|Any CPU
	EndGlobalSection
	GlobalSection(SolutionProperties) = preSolution
		HideSolutionNode = FALSE
	EndGlobalSection
	GlobalSection(ExtensibilityGlobals) = postSolution
		SolutionGuid = {FE123FA2-D3C8-4B73-8E85-1E219A9F978A}
	EndGlobalSection
EndGlobal
